
Microsoft Visual Studio Solution File, Format Version 12.00
# Visual Studio Version 17
VisualStudioVersion = 17.6.33815.320
MinimumVisualStudioVersion = 10.0.40219.1
Project("{FAE04EC0-301F-11D3-BF4B-00C04F79EFBC}") = "Assignment_17", "Assignment_17\Assignment_17.csproj", "{7844C20A-DE72-46F4-B07A-F8D1A3AE4F44}"
EndProject
Global
	GlobalSection(SolutionConfigurationPlatforms) = preSolution
		Debug|Any CPU = Debug|Any CPU
		Release|Any CPU = Release|Any CPU
	EndGlobalSection
	GlobalSection(ProjectConfigurationPlatforms) = postSolution
		{7844C20A-DE72-46F4-B07A-F8D1A3AE4F44}.Debug|Any CPU.ActiveCfg = Debug|Any CPU
		{7844C20A-DE72-46F4-B07A-F8D1A3AE4F44}.Debug|Any CPU.Build.0 = Debug|Any CPU
		{7844C20A-DE72-46F4-B07A-F8D1A3AE4F44}.Release|Any CPU.ActiveCfg = Release|Any CPU
		{7844C20A-DE72-46F4-B07A-F8D1A3AE4F44}.Release|Any CPU.Build.0 = Release|Any CPU
	EndGlobalSection
	GlobalSection(SolutionProperties) = preSolution
		HideSolutionNode = FALSE
	EndGlobalSection
	GlobalSection(ExtensibilityGlobals) = postSolution
		SolutionGuid = {696838A1-1A18-4C1D-A03C-524A19C37216}
	EndGlobalSection
EndGlobal
